<?xml version="1.0" encoding="UTF-8"?>
<!DOCTYPE plist PUBLIC "-//Apple//DTD PLIST 1.0//EN" "http://www.apple.com/DTDs/PropertyList-1.0.dtd">
<plist version="1.0">
<dict>
	<key>archiveVersion</key>
	<string>1</string>
	<key>classes</key>
	<dict/>
	<key>objectVersion</key>
	<string>46</string>
	<key>objects</key>
	<dict>
		<key>04FF782418EA3C79007B17F9</key>
		<dict>
			<key>children</key>
			<array>
				<string>04FF783218EA3C79007B17F9</string>
				<string>04FF782F18EA3C79007B17F9</string>
				<string>04FF782E18EA3C79007B17F9</string>
				<string>CB7E802356F54399BEBB4E7C</string>
			</array>
			<key>isa</key>
			<string>PBXGroup</string>
			<key>sourceTree</key>
			<string>&lt;group&gt;</string>
		</dict>
		<key>04FF782518EA3C79007B17F9</key>
		<dict>
			<key>attributes</key>
			<dict>
				<key>LastUpgradeCheck</key>
				<string>0510</string>
				<key>ORGANIZATIONNAME</key>
				<string>IV</string>
			</dict>
			<key>buildConfigurationList</key>
			<string>04FF782818EA3C79007B17F9</string>
			<key>compatibilityVersion</key>
			<string>Xcode 3.2</string>
			<key>developmentRegion</key>
			<string>English</string>
			<key>hasScannedForEncodings</key>
			<string>0</string>
			<key>isa</key>
			<string>PBXProject</string>
			<key>knownRegions</key>
			<array>
				<string>en</string>
			</array>
			<key>mainGroup</key>
			<string>04FF782418EA3C79007B17F9</string>
			<key>productRefGroup</key>
			<string>04FF782E18EA3C79007B17F9</string>
			<key>projectDirPath</key>
			<string></string>
			<key>projectReferences</key>
			<array/>
			<key>projectRoot</key>
			<string></string>
			<key>targets</key>
			<array>
				<string>04FF782C18EA3C79007B17F9</string>
			</array>
		</dict>
		<key>04FF782818EA3C79007B17F9</key>
		<dict>
			<key>buildConfigurations</key>
			<array>
				<string>04FF783918EA3C79007B17F9</string>
				<string>04FF783A18EA3C79007B17F9</string>
			</array>
			<key>defaultConfigurationIsVisible</key>
			<string>0</string>
			<key>defaultConfigurationName</key>
			<string>Release</string>
			<key>isa</key>
			<string>XCConfigurationList</string>
		</dict>
		<key>04FF782918EA3C79007B17F9</key>
		<dict>
			<key>buildActionMask</key>
			<string>2147483647</string>
			<key>files</key>
			<array>
				<string>04FF783418EA3C79007B17F9</string>
				<string>04FF784018EA3C9E007B17F9</string>
			</array>
			<key>isa</key>
			<string>PBXSourcesBuildPhase</string>
			<key>runOnlyForDeploymentPostprocessing</key>
			<string>0</string>
		</dict>
		<key>04FF782A18EA3C79007B17F9</key>
		<dict>
			<key>buildActionMask</key>
			<string>2147483647</string>
			<key>files</key>
			<array>
				<string>04FF783118EA3C79007B17F9</string>
				<string>F9E745615F66401D9FF9FF95</string>
			</array>
			<key>isa</key>
			<string>PBXFrameworksBuildPhase</string>
			<key>runOnlyForDeploymentPostprocessing</key>
			<string>0</string>
		</dict>
		<key>04FF782B18EA3C79007B17F9</key>
		<dict>
			<key>buildActionMask</key>
			<string>2147483647</string>
			<key>dstPath</key>
			<string>/usr/share/man/man1/</string>
			<key>dstSubfolderSpec</key>
			<string>0</string>
			<key>files</key>
			<array>
				<string>04FF783818EA3C79007B17F9</string>
			</array>
			<key>isa</key>
			<string>PBXCopyFilesBuildPhase</string>
			<key>runOnlyForDeploymentPostprocessing</key>
			<string>1</string>
		</dict>
		<key>04FF782C18EA3C79007B17F9</key>
		<dict>
			<key>buildConfigurationList</key>
			<string>04FF783B18EA3C79007B17F9</string>
			<key>buildPhases</key>
			<array>
				<string>DEF1340DA68F4515A51EA577</string>
				<string>04FF782918EA3C79007B17F9</string>
				<string>04FF782A18EA3C79007B17F9</string>
				<string>04FF782B18EA3C79007B17F9</string>
				<string>E6AB0CF7513D4433A530EED7</string>
			</array>
			<key>buildRules</key>
			<array/>
			<key>dependencies</key>
			<array/>
			<key>isa</key>
			<string>PBXNativeTarget</string>
			<key>name</key>
			<string>xpkg</string>
			<key>productName</key>
			<string>xpkg</string>
			<key>productReference</key>
			<string>04FF782D18EA3C79007B17F9</string>
			<key>productType</key>
			<string>com.apple.product-type.tool</string>
		</dict>
		<key>04FF782D18EA3C79007B17F9</key>
		<dict>
			<key>explicitFileType</key>
			<string>compiled.mach-o.executable</string>
			<key>includeInIndex</key>
			<string>0</string>
			<key>isa</key>
			<string>PBXFileReference</string>
			<key>path</key>
			<string>xpkg</string>
			<key>sourceTree</key>
			<string>BUILT_PRODUCTS_DIR</string>
		</dict>
		<key>04FF782E18EA3C79007B17F9</key>
		<dict>
			<key>children</key>
			<array>
				<string>04FF782D18EA3C79007B17F9</string>
			</array>
			<key>isa</key>
			<string>PBXGroup</string>
			<key>name</key>
			<string>Products</string>
			<key>sourceTree</key>
			<string>&lt;group&gt;</string>
		</dict>
		<key>04FF782F18EA3C79007B17F9</key>
		<dict>
			<key>children</key>
			<array>
				<string>04FF783018EA3C79007B17F9</string>
				<string>E9396C07E6B64EC290389FCF</string>
			</array>
			<key>isa</key>
			<string>PBXGroup</string>
			<key>name</key>
			<string>Frameworks</string>
			<key>sourceTree</key>
			<string>&lt;group&gt;</string>
		</dict>
		<key>04FF783018EA3C79007B17F9</key>
		<dict>
			<key>isa</key>
			<string>PBXFileReference</string>
			<key>lastKnownFileType</key>
			<string>wrapper.framework</string>
			<key>name</key>
			<string>Foundation.framework</string>
			<key>path</key>
			<string>System/Library/Frameworks/Foundation.framework</string>
			<key>sourceTree</key>
			<string>SDKROOT</string>
		</dict>
		<key>04FF783118EA3C79007B17F9</key>
		<dict>
			<key>fileRef</key>
			<string>04FF783018EA3C79007B17F9</string>
			<key>isa</key>
			<string>PBXBuildFile</string>
		</dict>
		<key>04FF783218EA3C79007B17F9</key>
		<dict>
			<key>children</key>
			<array>
				<string>04FF783318EA3C79007B17F9</string>
				<string>04FF783E18EA3C9E007B17F9</string>
				<string>04FF783F18EA3C9E007B17F9</string>
				<string>04FF783718EA3C79007B17F9</string>
				<string>04FF783518EA3C79007B17F9</string>
			</array>
			<key>isa</key>
			<string>PBXGroup</string>
			<key>path</key>
			<string>xpkg</string>
			<key>sourceTree</key>
			<string>&lt;group&gt;</string>
		</dict>
		<key>04FF783318EA3C79007B17F9</key>
		<dict>
			<key>isa</key>
			<string>PBXFileReference</string>
			<key>lastKnownFileType</key>
			<string>sourcecode.c.objc</string>
			<key>path</key>
			<string>main.m</string>
			<key>sourceTree</key>
			<string>&lt;group&gt;</string>
		</dict>
		<key>04FF783418EA3C79007B17F9</key>
		<dict>
			<key>fileRef</key>
			<string>04FF783318EA3C79007B17F9</string>
			<key>isa</key>
			<string>PBXBuildFile</string>
		</dict>
		<key>04FF783518EA3C79007B17F9</key>
		<dict>
			<key>children</key>
			<array>
				<string>04FF783618EA3C79007B17F9</string>
			</array>
			<key>isa</key>
			<string>PBXGroup</string>
			<key>name</key>
			<string>Supporting Files</string>
			<key>sourceTree</key>
			<string>&lt;group&gt;</string>
		</dict>
		<key>04FF783618EA3C79007B17F9</key>
		<dict>
			<key>isa</key>
			<string>PBXFileReference</string>
			<key>lastKnownFileType</key>
			<string>sourcecode.c.h</string>
			<key>path</key>
			<string>xpkg-Prefix.pch</string>
			<key>sourceTree</key>
			<string>&lt;group&gt;</string>
		</dict>
		<key>04FF783718EA3C79007B17F9</key>
		<dict>
			<key>isa</key>
			<string>PBXFileReference</string>
			<key>lastKnownFileType</key>
			<string>text.man</string>
			<key>path</key>
			<string>xpkg.1</string>
			<key>sourceTree</key>
			<string>&lt;group&gt;</string>
		</dict>
		<key>04FF783818EA3C79007B17F9</key>
		<dict>
			<key>fileRef</key>
			<string>04FF783718EA3C79007B17F9</string>
			<key>isa</key>
			<string>PBXBuildFile</string>
		</dict>
		<key>04FF783918EA3C79007B17F9</key>
		<dict>
			<key>buildSettings</key>
			<dict>
				<key>ALWAYS_SEARCH_USER_PATHS</key>
				<string>NO</string>
				<key>CLANG_CXX_LANGUAGE_STANDARD</key>
				<string>gnu++0x</string>
				<key>CLANG_CXX_LIBRARY</key>
				<string>libc++</string>
				<key>CLANG_ENABLE_MODULES</key>
				<string>YES</string>
				<key>CLANG_ENABLE_OBJC_ARC</key>
				<string>YES</string>
				<key>CLANG_WARN_BOOL_CONVERSION</key>
				<string>YES</string>
				<key>CLANG_WARN_CONSTANT_CONVERSION</key>
				<string>YES</string>
				<key>CLANG_WARN_DIRECT_OBJC_ISA_USAGE</key>
				<string>YES_ERROR</string>
				<key>CLANG_WARN_EMPTY_BODY</key>
				<string>YES</string>
				<key>CLANG_WARN_ENUM_CONVERSION</key>
				<string>YES</string>
				<key>CLANG_WARN_INT_CONVERSION</key>
				<string>YES</string>
				<key>CLANG_WARN_OBJC_ROOT_CLASS</key>
				<string>YES_ERROR</string>
				<key>CLANG_WARN__DUPLICATE_METHOD_MATCH</key>
				<string>YES</string>
				<key>COPY_PHASE_STRIP</key>
				<string>NO</string>
				<key>GCC_C_LANGUAGE_STANDARD</key>
				<string>gnu99</string>
				<key>GCC_DYNAMIC_NO_PIC</key>
				<string>NO</string>
				<key>GCC_ENABLE_OBJC_EXCEPTIONS</key>
				<string>YES</string>
				<key>GCC_OPTIMIZATION_LEVEL</key>
				<string>0</string>
				<key>GCC_PREPROCESSOR_DEFINITIONS</key>
				<array>
					<string>DEBUG=1</string>
					<string>$(inherited)</string>
				</array>
				<key>GCC_SYMBOLS_PRIVATE_EXTERN</key>
				<string>NO</string>
				<key>GCC_WARN_64_TO_32_BIT_CONVERSION</key>
				<string>YES</string>
				<key>GCC_WARN_ABOUT_RETURN_TYPE</key>
				<string>YES_ERROR</string>
				<key>GCC_WARN_UNDECLARED_SELECTOR</key>
				<string>YES</string>
				<key>GCC_WARN_UNINITIALIZED_AUTOS</key>
				<string>YES_AGGRESSIVE</string>
				<key>GCC_WARN_UNUSED_FUNCTION</key>
				<string>YES</string>
				<key>GCC_WARN_UNUSED_VARIABLE</key>
				<string>YES</string>
				<key>MACOSX_DEPLOYMENT_TARGET</key>
				<string>10.9</string>
				<key>ONLY_ACTIVE_ARCH</key>
				<string>YES</string>
				<key>SDKROOT</key>
				<string>macosx</string>
			</dict>
			<key>isa</key>
			<string>XCBuildConfiguration</string>
			<key>name</key>
			<string>Debug</string>
		</dict>
		<key>04FF783A18EA3C79007B17F9</key>
		<dict>
			<key>buildSettings</key>
			<dict>
				<key>ALWAYS_SEARCH_USER_PATHS</key>
				<string>NO</string>
				<key>CLANG_CXX_LANGUAGE_STANDARD</key>
				<string>gnu++0x</string>
				<key>CLANG_CXX_LIBRARY</key>
				<string>libc++</string>
				<key>CLANG_ENABLE_MODULES</key>
				<string>YES</string>
				<key>CLANG_ENABLE_OBJC_ARC</key>
				<string>YES</string>
				<key>CLANG_WARN_BOOL_CONVERSION</key>
				<string>YES</string>
				<key>CLANG_WARN_CONSTANT_CONVERSION</key>
				<string>YES</string>
				<key>CLANG_WARN_DIRECT_OBJC_ISA_USAGE</key>
				<string>YES_ERROR</string>
				<key>CLANG_WARN_EMPTY_BODY</key>
				<string>YES</string>
				<key>CLANG_WARN_ENUM_CONVERSION</key>
				<string>YES</string>
				<key>CLANG_WARN_INT_CONVERSION</key>
				<string>YES</string>
				<key>CLANG_WARN_OBJC_ROOT_CLASS</key>
				<string>YES_ERROR</string>
				<key>CLANG_WARN__DUPLICATE_METHOD_MATCH</key>
				<string>YES</string>
				<key>COPY_PHASE_STRIP</key>
				<string>YES</string>
				<key>DEBUG_INFORMATION_FORMAT</key>
				<string>dwarf-with-dsym</string>
				<key>ENABLE_NS_ASSERTIONS</key>
				<string>NO</string>
				<key>GCC_C_LANGUAGE_STANDARD</key>
				<string>gnu99</string>
				<key>GCC_ENABLE_OBJC_EXCEPTIONS</key>
				<string>YES</string>
				<key>GCC_WARN_64_TO_32_BIT_CONVERSION</key>
				<string>YES</string>
				<key>GCC_WARN_ABOUT_RETURN_TYPE</key>
				<string>YES_ERROR</string>
				<key>GCC_WARN_UNDECLARED_SELECTOR</key>
				<string>YES</string>
				<key>GCC_WARN_UNINITIALIZED_AUTOS</key>
				<string>YES_AGGRESSIVE</string>
				<key>GCC_WARN_UNUSED_FUNCTION</key>
				<string>YES</string>
				<key>GCC_WARN_UNUSED_VARIABLE</key>
				<string>YES</string>
				<key>MACOSX_DEPLOYMENT_TARGET</key>
				<string>10.9</string>
				<key>SDKROOT</key>
				<string>macosx</string>
			</dict>
			<key>isa</key>
			<string>XCBuildConfiguration</string>
			<key>name</key>
			<string>Release</string>
		</dict>
		<key>04FF783B18EA3C79007B17F9</key>
		<dict>
			<key>buildConfigurations</key>
			<array>
				<string>04FF783C18EA3C79007B17F9</string>
				<string>04FF783D18EA3C79007B17F9</string>
			</array>
			<key>defaultConfigurationIsVisible</key>
			<string>0</string>
			<key>defaultConfigurationName</key>
			<string>Release</string>
			<key>isa</key>
			<string>XCConfigurationList</string>
		</dict>
		<key>04FF783C18EA3C79007B17F9</key>
		<dict>
			<key>baseConfigurationReference</key>
			<string>CB7E802356F54399BEBB4E7C</string>
			<key>buildSettings</key>
			<dict>
				<key>GCC_PRECOMPILE_PREFIX_HEADER</key>
				<string>YES</string>
				<key>GCC_PREFIX_HEADER</key>
				<string>xpkg/xpkg-Prefix.pch</string>
				<key>PRODUCT_NAME</key>
				<string>$(TARGET_NAME)</string>
			</dict>
			<key>isa</key>
			<string>XCBuildConfiguration</string>
			<key>name</key>
			<string>Debug</string>
		</dict>
		<key>04FF783D18EA3C79007B17F9</key>
		<dict>
			<key>baseConfigurationReference</key>
			<string>CB7E802356F54399BEBB4E7C</string>
			<key>buildSettings</key>
			<dict>
				<key>GCC_PRECOMPILE_PREFIX_HEADER</key>
				<string>YES</string>
				<key>GCC_PREFIX_HEADER</key>
				<string>xpkg/xpkg-Prefix.pch</string>
				<key>PRODUCT_NAME</key>
				<string>$(TARGET_NAME)</string>
			</dict>
			<key>isa</key>
			<string>XCBuildConfiguration</string>
			<key>name</key>
			<string>Release</string>
		</dict>
		<key>04FF783E18EA3C9E007B17F9</key>
		<dict>
			<key>fileEncoding</key>
			<string>4</string>
			<key>isa</key>
			<string>PBXFileReference</string>
			<key>lastKnownFileType</key>
			<string>sourcecode.c.h</string>
			<key>path</key>
			<string>xpkg.h</string>
			<key>sourceTree</key>
			<string>&lt;group&gt;</string>
		</dict>
		<key>04FF783F18EA3C9E007B17F9</key>
		<dict>
			<key>fileEncoding</key>
			<string>4</string>
			<key>isa</key>
			<string>PBXFileReference</string>
			<key>lastKnownFileType</key>
			<string>sourcecode.c.objc</string>
			<key>path</key>
			<string>xpkg.m</string>
			<key>sourceTree</key>
			<string>&lt;group&gt;</string>
		</dict>
		<key>04FF784018EA3C9E007B17F9</key>
		<dict>
			<key>fileRef</key>
			<string>04FF783F18EA3C9E007B17F9</string>
			<key>isa</key>
			<string>PBXBuildFile</string>
		</dict>
		<key>CB7E802356F54399BEBB4E7C</key>
		<dict>
			<key>includeInIndex</key>
			<string>1</string>
			<key>isa</key>
			<string>PBXFileReference</string>
			<key>lastKnownFileType</key>
			<string>text.xcconfig</string>
			<key>name</key>
			<string>Pods-xpkg.xcconfig</string>
			<key>path</key>
			<string>Pods/Pods-xpkg.xcconfig</string>
			<key>sourceTree</key>
			<string>&lt;group&gt;</string>
		</dict>
		<key>DEF1340DA68F4515A51EA577</key>
		<dict>
			<key>buildActionMask</key>
			<string>2147483647</string>
			<key>files</key>
			<array/>
			<key>inputPaths</key>
			<array/>
			<key>isa</key>
			<string>PBXShellScriptBuildPhase</string>
			<key>name</key>
			<string>Check Pods Manifest.lock</string>
			<key>outputPaths</key>
			<array/>
			<key>runOnlyForDeploymentPostprocessing</key>
			<string>0</string>
			<key>shellPath</key>
			<string>/bin/sh</string>
			<key>shellScript</key>
			<string>diff "${PODS_ROOT}/../Podfile.lock" "${PODS_ROOT}/Manifest.lock" &gt; /dev/null
if [[ $? != 0 ]] ; then
    cat &lt;&lt; EOM
error: The sandbox is not in sync with the Podfile.lock. Run 'pod install' or update your CocoaPods installation.
EOM
    exit 1
fi
</string>
			<key>showEnvVarsInLog</key>
			<string>0</string>
		</dict>
		<key>E6AB0CF7513D4433A530EED7</key>
		<dict>
			<key>buildActionMask</key>
			<string>2147483647</string>
			<key>files</key>
			<array/>
			<key>inputPaths</key>
			<array/>
			<key>isa</key>
			<string>PBXShellScriptBuildPhase</string>
			<key>name</key>
			<string>Copy Pods Resources</string>
			<key>outputPaths</key>
			<array/>
			<key>runOnlyForDeploymentPostprocessing</key>
			<string>0</string>
			<key>shellPath</key>
			<string>/bin/sh</string>
			<key>shellScript</key>
			<string>"${SRCROOT}/Pods/Pods-xpkg-resources.sh"
</string>
			<key>showEnvVarsInLog</key>
			<string>0</string>
		</dict>
		<key>E9396C07E6B64EC290389FCF</key>
		<dict>
			<key>explicitFileType</key>
			<string>archive.ar</string>
			<key>includeInIndex</key>
			<string>0</string>
			<key>isa</key>
			<string>PBXFileReference</string>
			<key>path</key>
			<string>libPods-xpkg.a</string>
			<key>sourceTree</key>
			<string>BUILT_PRODUCTS_DIR</string>
		</dict>
		<key>F9E745615F66401D9FF9FF95</key>
		<dict>
			<key>fileRef</key>
			<string>E9396C07E6B64EC290389FCF</string>
			<key>isa</key>
			<string>PBXBuildFile</string>
		</dict>
	</dict>
	<key>rootObject</key>
	<string>04FF782518EA3C79007B17F9</string>
</dict>
</plist>
