// !$*UTF8*$!
{
	archiveVersion = 1;
	classes = {
	};
	objectVersion = 46;
	objects = {

/* Begin PBXBuildFile section */
		0470909E1907276E00BE21DB /* Cocoa.framework in Frameworks */ = {isa = PBXBuildFile; fileRef = 0470909D1907276E00BE21DB /* Cocoa.framework */; };
		047090A81907276E00BE21DB /* xpkg.m in Sources */ = {isa = PBXBuildFile; fileRef = 047090A71907276E00BE21DB /* xpkg.m */; };
		047090AF1907276E00BE21DB /* XCTest.framework in Frameworks */ = {isa = PBXBuildFile; fileRef = 047090AE1907276E00BE21DB /* XCTest.framework */; };
		047090B01907276E00BE21DB /* Cocoa.framework in Frameworks */ = {isa = PBXBuildFile; fileRef = 0470909D1907276E00BE21DB /* Cocoa.framework */; };
		047090B31907276E00BE21DB /* libxpkg.a in Frameworks */ = {isa = PBXBuildFile; fileRef = 0470909A1907276E00BE21DB /* libxpkg.a */; };
		047090B91907276E00BE21DB /* InfoPlist.strings in Resources */ = {isa = PBXBuildFile; fileRef = 047090B71907276E00BE21DB /* InfoPlist.strings */; };
		047090BB1907276E00BE21DB /* xpkgTests.m in Sources */ = {isa = PBXBuildFile; fileRef = 047090BA1907276E00BE21DB /* xpkgTests.m */; };
/* End PBXBuildFile section */

/* Begin PBXContainerItemProxy section */
		047090B11907276E00BE21DB /* PBXContainerItemProxy */ = {
			isa = PBXContainerItemProxy;
			containerPortal = 047090921907276E00BE21DB /* Project object */;
			proxyType = 1;
			remoteGlobalIDString = 047090991907276E00BE21DB;
			remoteInfo = xpkg;
		};
/* End PBXContainerItemProxy section */

/* Begin PBXFileReference section */
		0470909A1907276E00BE21DB /* libxpkg.a */ = {isa = PBXFileReference; explicitFileType = archive.ar; includeInIndex = 0; path = libxpkg.a; sourceTree = BUILT_PRODUCTS_DIR; };
		0470909D1907276E00BE21DB /* Cocoa.framework */ = {isa = PBXFileReference; lastKnownFileType = wrapper.framework; name = Cocoa.framework; path = System/Library/Frameworks/Cocoa.framework; sourceTree = SDKROOT; };
		047090A01907276E00BE21DB /* Foundation.framework */ = {isa = PBXFileReference; lastKnownFileType = wrapper.framework; name = Foundation.framework; path = System/Library/Frameworks/Foundation.framework; sourceTree = SDKROOT; };
		047090A11907276E00BE21DB /* CoreData.framework */ = {isa = PBXFileReference; lastKnownFileType = wrapper.framework; name = CoreData.framework; path = System/Library/Frameworks/CoreData.framework; sourceTree = SDKROOT; };
		047090A21907276E00BE21DB /* AppKit.framework */ = {isa = PBXFileReference; lastKnownFileType = wrapper.framework; name = AppKit.framework; path = System/Library/Frameworks/AppKit.framework; sourceTree = SDKROOT; };
		047090A51907276E00BE21DB /* xpkg-Prefix.pch */ = {isa = PBXFileReference; lastKnownFileType = sourcecode.c.h; path = "xpkg-Prefix.pch"; sourceTree = "<group>"; };
		047090A61907276E00BE21DB /* xpkg.h */ = {isa = PBXFileReference; lastKnownFileType = sourcecode.c.h; path = xpkg.h; sourceTree = "<group>"; };
		047090A71907276E00BE21DB /* xpkg.m */ = {isa = PBXFileReference; lastKnownFileType = sourcecode.c.objc; path = xpkg.m; sourceTree = "<group>"; };
		047090AD1907276E00BE21DB /* xpkgTests.xctest */ = {isa = PBXFileReference; explicitFileType = wrapper.cfbundle; includeInIndex = 0; path = xpkgTests.xctest; sourceTree = BUILT_PRODUCTS_DIR; };
		047090AE1907276E00BE21DB /* XCTest.framework */ = {isa = PBXFileReference; lastKnownFileType = wrapper.framework; name = XCTest.framework; path = Library/Frameworks/XCTest.framework; sourceTree = DEVELOPER_DIR; };
		047090B61907276E00BE21DB /* xpkgTests-Info.plist */ = {isa = PBXFileReference; lastKnownFileType = text.plist.xml; path = "xpkgTests-Info.plist"; sourceTree = "<group>"; };
		047090B81907276E00BE21DB /* en */ = {isa = PBXFileReference; lastKnownFileType = text.plist.strings; name = en; path = en.lproj/InfoPlist.strings; sourceTree = "<group>"; };
		047090BA1907276E00BE21DB /* xpkgTests.m */ = {isa = PBXFileReference; lastKnownFileType = sourcecode.c.objc; path = xpkgTests.m; sourceTree = "<group>"; };
/* End PBXFileReference section */

/* Begin PBXFrameworksBuildPhase section */
		047090971907276E00BE21DB /* Frameworks */ = {
			isa = PBXFrameworksBuildPhase;
			buildActionMask = 2147483647;
			files = (
				0470909E1907276E00BE21DB /* Cocoa.framework in Frameworks */,
			);
			runOnlyForDeploymentPostprocessing = 0;
		};
		047090AA1907276E00BE21DB /* Frameworks */ = {
			isa = PBXFrameworksBuildPhase;
			buildActionMask = 2147483647;
			files = (
				047090B01907276E00BE21DB /* Cocoa.framework in Frameworks */,
				047090AF1907276E00BE21DB /* XCTest.framework in Frameworks */,
				047090B31907276E00BE21DB /* libxpkg.a in Frameworks */,
			);
			runOnlyForDeploymentPostprocessing = 0;
		};
/* End PBXFrameworksBuildPhase section */

/* Begin PBXGroup section */
		047090911907276E00BE21DB = {
			isa = PBXGroup;
			children = (
				047090A31907276E00BE21DB /* xpkg */,
				047090B41907276E00BE21DB /* xpkgTests */,
				0470909C1907276E00BE21DB /* Frameworks */,
				0470909B1907276E00BE21DB /* Products */,
			);
			sourceTree = "<group>";
		};
		0470909B1907276E00BE21DB /* Products */ = {
			isa = PBXGroup;
			children = (
				0470909A1907276E00BE21DB /* libxpkg.a */,
				047090AD1907276E00BE21DB /* xpkgTests.xctest */,
			);
			name = Products;
			sourceTree = "<group>";
		};
		0470909C1907276E00BE21DB /* Frameworks */ = {
			isa = PBXGroup;
			children = (
				0470909D1907276E00BE21DB /* Cocoa.framework */,
				047090AE1907276E00BE21DB /* XCTest.framework */,
				0470909F1907276E00BE21DB /* Other Frameworks */,
			);
			name = Frameworks;
			sourceTree = "<group>";
		};
		0470909F1907276E00BE21DB /* Other Frameworks */ = {
			isa = PBXGroup;
			children = (
				047090A01907276E00BE21DB /* Foundation.framework */,
				047090A11907276E00BE21DB /* CoreData.framework */,
				047090A21907276E00BE21DB /* AppKit.framework */,
			);
			name = "Other Frameworks";
			sourceTree = "<group>";
		};
		047090A31907276E00BE21DB /* xpkg */ = {
			isa = PBXGroup;
			children = (
				047090A61907276E00BE21DB /* xpkg.h */,
				047090A71907276E00BE21DB /* xpkg.m */,
				047090A41907276E00BE21DB /* Supporting Files */,
			);
			path = xpkg;
			sourceTree = "<group>";
		};
		047090A41907276E00BE21DB /* Supporting Files */ = {
			isa = PBXGroup;
			children = (
				047090A51907276E00BE21DB /* xpkg-Prefix.pch */,
			);
			name = "Supporting Files";
			sourceTree = "<group>";
		};
		047090B41907276E00BE21DB /* xpkgTests */ = {
			isa = PBXGroup;
			children = (
				047090BA1907276E00BE21DB /* xpkgTests.m */,
				047090B51907276E00BE21DB /* Supporting Files */,
			);
			path = xpkgTests;
			sourceTree = "<group>";
		};
		047090B51907276E00BE21DB /* Supporting Files */ = {
			isa = PBXGroup;
			children = (
				047090B61907276E00BE21DB /* xpkgTests-Info.plist */,
				047090B71907276E00BE21DB /* InfoPlist.strings */,
			);
			name = "Supporting Files";
			sourceTree = "<group>";
		};
/* End PBXGroup section */

/* Begin PBXHeadersBuildPhase section */
		047090981907276E00BE21DB /* Headers */ = {
			isa = PBXHeadersBuildPhase;
			buildActionMask = 2147483647;
			files = (
			);
			runOnlyForDeploymentPostprocessing = 0;
		};
/* End PBXHeadersBuildPhase section */

/* Begin PBXNativeTarget section */
		047090991907276E00BE21DB /* xpkg */ = {
			isa = PBXNativeTarget;
			buildConfigurationList = 047090BE1907276E00BE21DB /* Build configuration list for PBXNativeTarget "xpkg" */;
			buildPhases = (
				047090961907276E00BE21DB /* Sources */,
				047090971907276E00BE21DB /* Frameworks */,
				047090981907276E00BE21DB /* Headers */,
			);
			buildRules = (
			);
			dependencies = (
			);
			name = xpkg;
			productName = xpkg;
			productReference = 0470909A1907276E00BE21DB /* libxpkg.a */;
			productType = "com.apple.product-type.library.static";
		};
		047090AC1907276E00BE21DB /* xpkgTests */ = {
			isa = PBXNativeTarget;
			buildConfigurationList = 047090C11907276E00BE21DB /* Build configuration list for PBXNativeTarget "xpkgTests" */;
			buildPhases = (
				047090A91907276E00BE21DB /* Sources */,
				047090AA1907276E00BE21DB /* Frameworks */,
				047090AB1907276E00BE21DB /* Resources */,
			);
			buildRules = (
			);
			dependencies = (
				047090B21907276E00BE21DB /* PBXTargetDependency */,
			);
			name = xpkgTests;
			productName = xpkgTests;
			productReference = 047090AD1907276E00BE21DB /* xpkgTests.xctest */;
			productType = "com.apple.product-type.bundle.unit-test";
		};
/* End PBXNativeTarget section */

/* Begin PBXProject section */
		047090921907276E00BE21DB /* Project object */ = {
			isa = PBXProject;
			attributes = {
				LastUpgradeCheck = 0510;
				ORGANIZATIONNAME = "Jack Maloney";
			};
			buildConfigurationList = 047090951907276E00BE21DB /* Build configuration list for PBXProject "xpkg" */;
			compatibilityVersion = "Xcode 3.2";
			developmentRegion = English;
			hasScannedForEncodings = 0;
			knownRegions = (
				en,
			);
			mainGroup = 047090911907276E00BE21DB;
			productRefGroup = 0470909B1907276E00BE21DB /* Products */;
			projectDirPath = "";
			projectRoot = "";
			targets = (
				047090991907276E00BE21DB /* xpkg */,
				047090AC1907276E00BE21DB /* xpkgTests */,
			);
		};
/* End PBXProject section */

/* Begin PBXResourcesBuildPhase section */
		047090AB1907276E00BE21DB /* Resources */ = {
			isa = PBXResourcesBuildPhase;
			buildActionMask = 2147483647;
			files = (
				047090B91907276E00BE21DB /* InfoPlist.strings in Resources */,
			);
			runOnlyForDeploymentPostprocessing = 0;
		};
/* End PBXResourcesBuildPhase section */

/* Begin PBXSourcesBuildPhase section */
		047090961907276E00BE21DB /* Sources */ = {
			isa = PBXSourcesBuildPhase;
			buildActionMask = 2147483647;
			files = (
				047090A81907276E00BE21DB /* xpkg.m in Sources */,
			);
			runOnlyForDeploymentPostprocessing = 0;
		};
		047090A91907276E00BE21DB /* Sources */ = {
			isa = PBXSourcesBuildPhase;
			buildActionMask = 2147483647;
			files = (
				047090BB1907276E00BE21DB /* xpkgTests.m in Sources */,
			);
			runOnlyForDeploymentPostprocessing = 0;
		};
/* End PBXSourcesBuildPhase section */

/* Begin PBXTargetDependency section */
		047090B21907276E00BE21DB /* PBXTargetDependency */ = {
			isa = PBXTargetDependency;
			target = 047090991907276E00BE21DB /* xpkg */;
			targetProxy = 047090B11907276E00BE21DB /* PBXContainerItemProxy */;
		};
/* End PBXTargetDependency section */

/* Begin PBXVariantGroup section */
		047090B71907276E00BE21DB /* InfoPlist.strings */ = {
			isa = PBXVariantGroup;
			children = (
				047090B81907276E00BE21DB /* en */,
			);
			name = InfoPlist.strings;
			sourceTree = "<group>";
		};
/* End PBXVariantGroup section */

/* Begin XCBuildConfiguration section */
		047090BC1907276E00BE21DB /* Debug */ = {
			isa = XCBuildConfiguration;
			buildSettings = {
				ALWAYS_SEARCH_USER_PATHS = NO;
				CLANG_CXX_LANGUAGE_STANDARD = "gnu++0x";
				CLANG_CXX_LIBRARY = "libc++";
				CLANG_ENABLE_MODULES = YES;
				CLANG_ENABLE_OBJC_ARC = YES;
				CLANG_WARN_BOOL_CONVERSION = YES;
				CLANG_WARN_CONSTANT_CONVERSION = YES;
				CLANG_WARN_DIRECT_OBJC_ISA_USAGE = YES_ERROR;
				CLANG_WARN_EMPTY_BODY = YES;
				CLANG_WARN_ENUM_CONVERSION = YES;
				CLANG_WARN_INT_CONVERSION = YES;
				CLANG_WARN_OBJC_ROOT_CLASS = YES_ERROR;
				CLANG_WARN__DUPLICATE_METHOD_MATCH = YES;
				COPY_PHASE_STRIP = NO;
				GCC_C_LANGUAGE_STANDARD = gnu99;
				GCC_DYNAMIC_NO_PIC = NO;
				GCC_ENABLE_OBJC_EXCEPTIONS = YES;
				GCC_OPTIMIZATION_LEVEL = 0;
				GCC_PREPROCESSOR_DEFINITIONS = (
					"DEBUG=1",
					"$(inherited)",
				);
				GCC_SYMBOLS_PRIVATE_EXTERN = NO;
				GCC_WARN_64_TO_32_BIT_CONVERSION = YES;
				GCC_WARN_ABOUT_RETURN_TYPE = YES_ERROR;
				GCC_WARN_UNDECLARED_SELECTOR = YES;
				GCC_WARN_UNINITIALIZED_AUTOS = YES_AGGRESSIVE;
				GCC_WARN_UNUSED_FUNCTION = YES;
				GCC_WARN_UNUSED_VARIABLE = YES;
				MACOSX_DEPLOYMENT_TARGET = 10.9;
				ONLY_ACTIVE_ARCH = YES;
				SDKROOT = macosx;
			};
			name = Debug;
		};
		047090BD1907276E00BE21DB /* Release */ = {
			isa = XCBuildConfiguration;
			buildSettings = {
				ALWAYS_SEARCH_USER_PATHS = NO;
				CLANG_CXX_LANGUAGE_STANDARD = "gnu++0x";
				CLANG_CXX_LIBRARY = "libc++";
				CLANG_ENABLE_MODULES = YES;
				CLANG_ENABLE_OBJC_ARC = YES;
				CLANG_WARN_BOOL_CONVERSION = YES;
				CLANG_WARN_CONSTANT_CONVERSION = YES;
				CLANG_WARN_DIRECT_OBJC_ISA_USAGE = YES_ERROR;
				CLANG_WARN_EMPTY_BODY = YES;
				CLANG_WARN_ENUM_CONVERSION = YES;
				CLANG_WARN_INT_CONVERSION = YES;
				CLANG_WARN_OBJC_ROOT_CLASS = YES_ERROR;
				CLANG_WARN__DUPLICATE_METHOD_MATCH = YES;
				COPY_PHASE_STRIP = YES;
				DEBUG_INFORMATION_FORMAT = "dwarf-with-dsym";
				ENABLE_NS_ASSERTIONS = NO;
				GCC_C_LANGUAGE_STANDARD = gnu99;
				GCC_ENABLE_OBJC_EXCEPTIONS = YES;
				GCC_WARN_64_TO_32_BIT_CONVERSION = YES;
				GCC_WARN_ABOUT_RETURN_TYPE = YES_ERROR;
				GCC_WARN_UNDECLARED_SELECTOR = YES;
				GCC_WARN_UNINITIALIZED_AUTOS = YES_AGGRESSIVE;
				GCC_WARN_UNUSED_FUNCTION = YES;
				GCC_WARN_UNUSED_VARIABLE = YES;
				MACOSX_DEPLOYMENT_TARGET = 10.9;
				SDKROOT = macosx;
			};
			name = Release;
		};
		047090BF1907276E00BE21DB /* Debug */ = {
			isa = XCBuildConfiguration;
			buildSettings = {
				GCC_PRECOMPILE_PREFIX_HEADER = YES;
				GCC_PREFIX_HEADER = "xpkg/xpkg-Prefix.pch";
				PRODUCT_NAME = "$(TARGET_NAME)";
			};
			name = Debug;
		};
		047090C01907276E00BE21DB /* Release */ = {
			isa = XCBuildConfiguration;
			buildSettings = {
				GCC_PRECOMPILE_PREFIX_HEADER = YES;
				GCC_PREFIX_HEADER = "xpkg/xpkg-Prefix.pch";
				PRODUCT_NAME = "$(TARGET_NAME)";
			};
			name = Release;
		};
		047090C21907276E00BE21DB /* Debug */ = {
			isa = XCBuildConfiguration;
			buildSettings = {
				COMBINE_HIDPI_IMAGES = YES;
				FRAMEWORK_SEARCH_PATHS = (
					"$(DEVELOPER_FRAMEWORKS_DIR)",
					"$(inherited)",
				);
				GCC_PRECOMPILE_PREFIX_HEADER = YES;
				GCC_PREFIX_HEADER = "xpkg/xpkg-Prefix.pch";
				GCC_PREPROCESSOR_DEFINITIONS = (
					"DEBUG=1",
					"$(inherited)",
				);
				INFOPLIST_FILE = "xpkgTests/xpkgTests-Info.plist";
				PRODUCT_NAME = "$(TARGET_NAME)";
				WRAPPER_EXTENSION = xctest;
			};
			name = Debug;
		};
		047090C31907276E00BE21DB /* Release */ = {
			isa = XCBuildConfiguration;
			buildSettings = {
				COMBINE_HIDPI_IMAGES = YES;
				FRAMEWORK_SEARCH_PATHS = (
					"$(DEVELOPER_FRAMEWORKS_DIR)",
					"$(inherited)",
				);
				GCC_PRECOMPILE_PREFIX_HEADER = YES;
				GCC_PREFIX_HEADER = "xpkg/xpkg-Prefix.pch";
				INFOPLIST_FILE = "xpkgTests/xpkgTests-Info.plist";
				PRODUCT_NAME = "$(TARGET_NAME)";
				WRAPPER_EXTENSION = xctest;
			};
			name = Release;
		};
/* End XCBuildConfiguration section */

/* Begin XCConfigurationList section */
		047090951907276E00BE21DB /* Build configuration list for PBXProject "xpkg" */ = {
			isa = XCConfigurationList;
			buildConfigurations = (
				047090BC1907276E00BE21DB /* Debug */,
				047090BD1907276E00BE21DB /* Release */,
			);
			defaultConfigurationIsVisible = 0;
			defaultConfigurationName = Release;
		};
		047090BE1907276E00BE21DB /* Build configuration list for PBXNativeTarget "xpkg" */ = {
			isa = XCConfigurationList;
			buildConfigurations = (
				047090BF1907276E00BE21DB /* Debug */,
				047090C01907276E00BE21DB /* Release */,
			);
			defaultConfigurationIsVisible = 0;
		};
		047090C11907276E00BE21DB /* Build configuration list for PBXNativeTarget "xpkgTests" */ = {
			isa = XCConfigurationList;
			buildConfigurations = (
				047090C21907276E00BE21DB /* Debug */,
				047090C31907276E00BE21DB /* Release */,
			);
			defaultConfigurationIsVisible = 0;
		};
/* End XCConfigurationList section */
	};
	rootObject = 047090921907276E00BE21DB /* Project object */;
}
