// !$*UTF8*$!
{
	archiveVersion = 1;
	classes = {
	};
	objectVersion = 46;
	objects = {

/* Begin PBXBuildFile section */
		0431952A18FB279E0050AC74 /* XPPackage.m in Sources */ = {isa = PBXBuildFile; fileRef = 0431952718FB279E0050AC74 /* XPPackage.m */; };
		0431952B18FB279E0050AC74 /* XPRepository.m in Sources */ = {isa = PBXBuildFile; fileRef = 0431952918FB279E0050AC74 /* XPRepository.m */; };
		0431952E18FB313A0050AC74 /* XPManager.m in Sources */ = {isa = PBXBuildFile; fileRef = 0431952D18FB313A0050AC74 /* XPManager.m */; };
		044631F418F05DA4000B009E /* Foundation.framework in Frameworks */ = {isa = PBXBuildFile; fileRef = 044631F318F05DA4000B009E /* Foundation.framework */; };
		044631F718F05DA5000B009E /* main.m in Sources */ = {isa = PBXBuildFile; fileRef = 044631F618F05DA5000B009E /* main.m */; };
		0446320318F05E10000B009E /* xpkg.m in Sources */ = {isa = PBXBuildFile; fileRef = 0446320218F05E10000B009E /* xpkg.m */; };
		0470906D1907265B00BE21DB /* Cocoa.framework in Frameworks */ = {isa = PBXBuildFile; fileRef = 0470906C1907265B00BE21DB /* Cocoa.framework */; };
		047090771907265B00BE21DB /* libxpkg.m in Sources */ = {isa = PBXBuildFile; fileRef = 047090761907265B00BE21DB /* libxpkg.m */; };
		0470907E1907265B00BE21DB /* XCTest.framework in Frameworks */ = {isa = PBXBuildFile; fileRef = 0470907D1907265B00BE21DB /* XCTest.framework */; };
		0470907F1907265B00BE21DB /* Cocoa.framework in Frameworks */ = {isa = PBXBuildFile; fileRef = 0470906C1907265B00BE21DB /* Cocoa.framework */; };
		047090821907265B00BE21DB /* liblibxpkg.a in Frameworks */ = {isa = PBXBuildFile; fileRef = 0470906B1907265B00BE21DB /* liblibxpkg.a */; };
		047090881907265B00BE21DB /* InfoPlist.strings in Resources */ = {isa = PBXBuildFile; fileRef = 047090861907265B00BE21DB /* InfoPlist.strings */; };
		0470908A1907265B00BE21DB /* libxpkgTests.m in Sources */ = {isa = PBXBuildFile; fileRef = 047090891907265B00BE21DB /* libxpkgTests.m */; };
		04F90D391907078700689ECD /* libsqlite3.dylib in Frameworks */ = {isa = PBXBuildFile; fileRef = 04F90D381907078700689ECD /* libsqlite3.dylib */; };
/* End PBXBuildFile section */

/* Begin PBXContainerItemProxy section */
		047090801907265B00BE21DB /* PBXContainerItemProxy */ = {
			isa = PBXContainerItemProxy;
			containerPortal = 044631E818F05DA4000B009E /* Project object */;
			proxyType = 1;
			remoteGlobalIDString = 0470906A1907265B00BE21DB;
			remoteInfo = libxpkg;
		};
/* End PBXContainerItemProxy section */

/* Begin PBXCopyFilesBuildPhase section */
		044631EE18F05DA4000B009E /* CopyFiles */ = {
			isa = PBXCopyFilesBuildPhase;
			buildActionMask = 2147483647;
			dstPath = /usr/share/man/man1;
			dstSubfolderSpec = 0;
			files = (
			);
			runOnlyForDeploymentPostprocessing = 1;
		};
/* End PBXCopyFilesBuildPhase section */

/* Begin PBXFileReference section */
		0431952618FB279E0050AC74 /* XPPackage.h */ = {isa = PBXFileReference; fileEncoding = 4; lastKnownFileType = sourcecode.c.h; path = XPPackage.h; sourceTree = "<group>"; };
		0431952718FB279E0050AC74 /* XPPackage.m */ = {isa = PBXFileReference; fileEncoding = 4; lastKnownFileType = sourcecode.c.objc; path = XPPackage.m; sourceTree = "<group>"; };
		0431952818FB279E0050AC74 /* XPRepository.h */ = {isa = PBXFileReference; fileEncoding = 4; lastKnownFileType = sourcecode.c.h; path = XPRepository.h; sourceTree = "<group>"; };
		0431952918FB279E0050AC74 /* XPRepository.m */ = {isa = PBXFileReference; fileEncoding = 4; lastKnownFileType = sourcecode.c.objc; path = XPRepository.m; sourceTree = "<group>"; };
		0431952C18FB313A0050AC74 /* XPManager.h */ = {isa = PBXFileReference; fileEncoding = 4; lastKnownFileType = sourcecode.c.h; path = XPManager.h; sourceTree = "<group>"; };
		0431952D18FB313A0050AC74 /* XPManager.m */ = {isa = PBXFileReference; fileEncoding = 4; lastKnownFileType = sourcecode.c.objc; path = XPManager.m; sourceTree = "<group>"; };
		044631F018F05DA4000B009E /* xpkg */ = {isa = PBXFileReference; explicitFileType = "compiled.mach-o.executable"; includeInIndex = 0; path = xpkg; sourceTree = BUILT_PRODUCTS_DIR; };
		044631F318F05DA4000B009E /* Foundation.framework */ = {isa = PBXFileReference; lastKnownFileType = wrapper.framework; name = Foundation.framework; path = System/Library/Frameworks/Foundation.framework; sourceTree = SDKROOT; };
		044631F618F05DA5000B009E /* main.m */ = {isa = PBXFileReference; lastKnownFileType = sourcecode.c.objc; path = main.m; sourceTree = "<group>"; };
		044631F918F05DA5000B009E /* xpkg-Prefix.pch */ = {isa = PBXFileReference; lastKnownFileType = sourcecode.c.h; path = "xpkg-Prefix.pch"; sourceTree = "<group>"; };
		0446320118F05E10000B009E /* xpkg.h */ = {isa = PBXFileReference; fileEncoding = 4; lastKnownFileType = sourcecode.c.h; lineEnding = 0; path = xpkg.h; sourceTree = "<group>"; usesTabs = 0; };
		0446320218F05E10000B009E /* xpkg.m */ = {isa = PBXFileReference; fileEncoding = 4; lastKnownFileType = sourcecode.c.objc; path = xpkg.m; sourceTree = "<group>"; };
		0470906B1907265B00BE21DB /* liblibxpkg.a */ = {isa = PBXFileReference; explicitFileType = archive.ar; includeInIndex = 0; path = liblibxpkg.a; sourceTree = BUILT_PRODUCTS_DIR; };
		0470906C1907265B00BE21DB /* Cocoa.framework */ = {isa = PBXFileReference; lastKnownFileType = wrapper.framework; name = Cocoa.framework; path = System/Library/Frameworks/Cocoa.framework; sourceTree = SDKROOT; };
		0470906F1907265B00BE21DB /* Foundation.framework */ = {isa = PBXFileReference; lastKnownFileType = wrapper.framework; name = Foundation.framework; path = System/Library/Frameworks/Foundation.framework; sourceTree = SDKROOT; };
		047090701907265B00BE21DB /* CoreData.framework */ = {isa = PBXFileReference; lastKnownFileType = wrapper.framework; name = CoreData.framework; path = System/Library/Frameworks/CoreData.framework; sourceTree = SDKROOT; };
		047090711907265B00BE21DB /* AppKit.framework */ = {isa = PBXFileReference; lastKnownFileType = wrapper.framework; name = AppKit.framework; path = System/Library/Frameworks/AppKit.framework; sourceTree = SDKROOT; };
		047090741907265B00BE21DB /* libxpkg-Prefix.pch */ = {isa = PBXFileReference; lastKnownFileType = sourcecode.c.h; path = "libxpkg-Prefix.pch"; sourceTree = "<group>"; };
		047090751907265B00BE21DB /* libxpkg.h */ = {isa = PBXFileReference; lastKnownFileType = sourcecode.c.h; path = libxpkg.h; sourceTree = "<group>"; };
		047090761907265B00BE21DB /* libxpkg.m */ = {isa = PBXFileReference; lastKnownFileType = sourcecode.c.objc; path = libxpkg.m; sourceTree = "<group>"; };
		0470907C1907265B00BE21DB /* libxpkgTests.xctest */ = {isa = PBXFileReference; explicitFileType = wrapper.cfbundle; includeInIndex = 0; path = libxpkgTests.xctest; sourceTree = BUILT_PRODUCTS_DIR; };
		0470907D1907265B00BE21DB /* XCTest.framework */ = {isa = PBXFileReference; lastKnownFileType = wrapper.framework; name = XCTest.framework; path = Library/Frameworks/XCTest.framework; sourceTree = DEVELOPER_DIR; };
		047090851907265B00BE21DB /* libxpkgTests-Info.plist */ = {isa = PBXFileReference; lastKnownFileType = text.plist.xml; path = "libxpkgTests-Info.plist"; sourceTree = "<group>"; };
		047090871907265B00BE21DB /* en */ = {isa = PBXFileReference; lastKnownFileType = text.plist.strings; name = en; path = en.lproj/InfoPlist.strings; sourceTree = "<group>"; };
		047090891907265B00BE21DB /* libxpkgTests.m */ = {isa = PBXFileReference; lastKnownFileType = sourcecode.c.objc; path = libxpkgTests.m; sourceTree = "<group>"; };
		04F90D381907078700689ECD /* libsqlite3.dylib */ = {isa = PBXFileReference; lastKnownFileType = "compiled.mach-o.dylib"; name = libsqlite3.dylib; path = usr/lib/libsqlite3.dylib; sourceTree = SDKROOT; };
/* End PBXFileReference section */

/* Begin PBXFrameworksBuildPhase section */
		044631ED18F05DA4000B009E /* Frameworks */ = {
			isa = PBXFrameworksBuildPhase;
			buildActionMask = 2147483647;
			files = (
				04F90D391907078700689ECD /* libsqlite3.dylib in Frameworks */,
				044631F418F05DA4000B009E /* Foundation.framework in Frameworks */,
			);
			runOnlyForDeploymentPostprocessing = 0;
		};
		047090681907265B00BE21DB /* Frameworks */ = {
			isa = PBXFrameworksBuildPhase;
			buildActionMask = 2147483647;
			files = (
				0470906D1907265B00BE21DB /* Cocoa.framework in Frameworks */,
			);
			runOnlyForDeploymentPostprocessing = 0;
		};
		047090791907265B00BE21DB /* Frameworks */ = {
			isa = PBXFrameworksBuildPhase;
			buildActionMask = 2147483647;
			files = (
				0470907F1907265B00BE21DB /* Cocoa.framework in Frameworks */,
				0470907E1907265B00BE21DB /* XCTest.framework in Frameworks */,
				047090821907265B00BE21DB /* liblibxpkg.a in Frameworks */,
			);
			runOnlyForDeploymentPostprocessing = 0;
		};
/* End PBXFrameworksBuildPhase section */

/* Begin PBXGroup section */
		044631E718F05DA4000B009E = {
			isa = PBXGroup;
			children = (
				044631F518F05DA5000B009E /* xpkg */,
				047090721907265B00BE21DB /* libxpkg */,
				047090831907265B00BE21DB /* libxpkgTests */,
				044631F218F05DA4000B009E /* Frameworks */,
				044631F118F05DA4000B009E /* Products */,
			);
			sourceTree = "<group>";
		};
		044631F118F05DA4000B009E /* Products */ = {
			isa = PBXGroup;
			children = (
				044631F018F05DA4000B009E /* xpkg */,
				0470906B1907265B00BE21DB /* liblibxpkg.a */,
				0470907C1907265B00BE21DB /* libxpkgTests.xctest */,
			);
			name = Products;
			sourceTree = "<group>";
		};
		044631F218F05DA4000B009E /* Frameworks */ = {
			isa = PBXGroup;
			children = (
				04F90D381907078700689ECD /* libsqlite3.dylib */,
				044631F318F05DA4000B009E /* Foundation.framework */,
				0470906C1907265B00BE21DB /* Cocoa.framework */,
				0470907D1907265B00BE21DB /* XCTest.framework */,
				0470906E1907265B00BE21DB /* Other Frameworks */,
			);
			name = Frameworks;
			sourceTree = "<group>";
		};
		044631F518F05DA5000B009E /* xpkg */ = {
			isa = PBXGroup;
			children = (
				044631F618F05DA5000B009E /* main.m */,
				0446320118F05E10000B009E /* xpkg.h */,
				0446320218F05E10000B009E /* xpkg.m */,
				0431952618FB279E0050AC74 /* XPPackage.h */,
				0431952718FB279E0050AC74 /* XPPackage.m */,
				0431952818FB279E0050AC74 /* XPRepository.h */,
				0431952918FB279E0050AC74 /* XPRepository.m */,
				0431952C18FB313A0050AC74 /* XPManager.h */,
				0431952D18FB313A0050AC74 /* XPManager.m */,
				044631F818F05DA5000B009E /* Supporting Files */,
			);
			path = xpkg;
			sourceTree = "<group>";
		};
		044631F818F05DA5000B009E /* Supporting Files */ = {
			isa = PBXGroup;
			children = (
				044631F918F05DA5000B009E /* xpkg-Prefix.pch */,
			);
			name = "Supporting Files";
			sourceTree = "<group>";
		};
		0470906E1907265B00BE21DB /* Other Frameworks */ = {
			isa = PBXGroup;
			children = (
				0470906F1907265B00BE21DB /* Foundation.framework */,
				047090701907265B00BE21DB /* CoreData.framework */,
				047090711907265B00BE21DB /* AppKit.framework */,
			);
			name = "Other Frameworks";
			sourceTree = "<group>";
		};
		047090721907265B00BE21DB /* libxpkg */ = {
			isa = PBXGroup;
			children = (
				047090751907265B00BE21DB /* libxpkg.h */,
				047090761907265B00BE21DB /* libxpkg.m */,
				047090731907265B00BE21DB /* Supporting Files */,
			);
			path = libxpkg;
			sourceTree = "<group>";
		};
		047090731907265B00BE21DB /* Supporting Files */ = {
			isa = PBXGroup;
			children = (
				047090741907265B00BE21DB /* libxpkg-Prefix.pch */,
			);
			name = "Supporting Files";
			sourceTree = "<group>";
		};
		047090831907265B00BE21DB /* libxpkgTests */ = {
			isa = PBXGroup;
			children = (
				047090891907265B00BE21DB /* libxpkgTests.m */,
				047090841907265B00BE21DB /* Supporting Files */,
			);
			path = libxpkgTests;
			sourceTree = "<group>";
		};
		047090841907265B00BE21DB /* Supporting Files */ = {
			isa = PBXGroup;
			children = (
				047090851907265B00BE21DB /* libxpkgTests-Info.plist */,
				047090861907265B00BE21DB /* InfoPlist.strings */,
			);
			name = "Supporting Files";
			sourceTree = "<group>";
		};
/* End PBXGroup section */

/* Begin PBXHeadersBuildPhase section */
		047090691907265B00BE21DB /* Headers */ = {
			isa = PBXHeadersBuildPhase;
			buildActionMask = 2147483647;
			files = (
			);
			runOnlyForDeploymentPostprocessing = 0;
		};
/* End PBXHeadersBuildPhase section */

/* Begin PBXNativeTarget section */
		044631EF18F05DA4000B009E /* xpkg */ = {
			isa = PBXNativeTarget;
			buildConfigurationList = 044631FE18F05DA5000B009E /* Build configuration list for PBXNativeTarget "xpkg" */;
			buildPhases = (
				044631EC18F05DA4000B009E /* Sources */,
				044631ED18F05DA4000B009E /* Frameworks */,
				044631EE18F05DA4000B009E /* CopyFiles */,
			);
			buildRules = (
			);
			dependencies = (
			);
			name = xpkg;
			productName = xpkg;
			productReference = 044631F018F05DA4000B009E /* xpkg */;
			productType = "com.apple.product-type.tool";
		};
		0470906A1907265B00BE21DB /* libxpkg */ = {
			isa = PBXNativeTarget;
			buildConfigurationList = 0470908B1907265B00BE21DB /* Build configuration list for PBXNativeTarget "libxpkg" */;
			buildPhases = (
				047090671907265B00BE21DB /* Sources */,
				047090681907265B00BE21DB /* Frameworks */,
				047090691907265B00BE21DB /* Headers */,
			);
			buildRules = (
			);
			dependencies = (
			);
			name = libxpkg;
			productName = libxpkg;
			productReference = 0470906B1907265B00BE21DB /* liblibxpkg.a */;
			productType = "com.apple.product-type.library.static";
		};
		0470907B1907265B00BE21DB /* libxpkgTests */ = {
			isa = PBXNativeTarget;
			buildConfigurationList = 0470908E1907265B00BE21DB /* Build configuration list for PBXNativeTarget "libxpkgTests" */;
			buildPhases = (
				047090781907265B00BE21DB /* Sources */,
				047090791907265B00BE21DB /* Frameworks */,
				0470907A1907265B00BE21DB /* Resources */,
			);
			buildRules = (
			);
			dependencies = (
				047090811907265B00BE21DB /* PBXTargetDependency */,
			);
			name = libxpkgTests;
			productName = libxpkgTests;
			productReference = 0470907C1907265B00BE21DB /* libxpkgTests.xctest */;
			productType = "com.apple.product-type.bundle.unit-test";
		};
/* End PBXNativeTarget section */

/* Begin PBXProject section */
		044631E818F05DA4000B009E /* Project object */ = {
			isa = PBXProject;
			attributes = {
				LastUpgradeCheck = 0510;
				ORGANIZATIONNAME = IV;
			};
			buildConfigurationList = 044631EB18F05DA4000B009E /* Build configuration list for PBXProject "xpkg" */;
			compatibilityVersion = "Xcode 3.2";
			developmentRegion = English;
			hasScannedForEncodings = 0;
			knownRegions = (
				en,
			);
			mainGroup = 044631E718F05DA4000B009E;
			productRefGroup = 044631F118F05DA4000B009E /* Products */;
			projectDirPath = "";
			projectRoot = "";
			targets = (
				044631EF18F05DA4000B009E /* xpkg */,
				0470906A1907265B00BE21DB /* libxpkg */,
				0470907B1907265B00BE21DB /* libxpkgTests */,
			);
		};
/* End PBXProject section */

/* Begin PBXResourcesBuildPhase section */
		0470907A1907265B00BE21DB /* Resources */ = {
			isa = PBXResourcesBuildPhase;
			buildActionMask = 2147483647;
			files = (
				047090881907265B00BE21DB /* InfoPlist.strings in Resources */,
			);
			runOnlyForDeploymentPostprocessing = 0;
		};
/* End PBXResourcesBuildPhase section */

/* Begin PBXSourcesBuildPhase section */
		044631EC18F05DA4000B009E /* Sources */ = {
			isa = PBXSourcesBuildPhase;
			buildActionMask = 2147483647;
			files = (
				044631F718F05DA5000B009E /* main.m in Sources */,
				0431952B18FB279E0050AC74 /* XPRepository.m in Sources */,
				0446320318F05E10000B009E /* xpkg.m in Sources */,
				0431952A18FB279E0050AC74 /* XPPackage.m in Sources */,
				0431952E18FB313A0050AC74 /* XPManager.m in Sources */,
			);
			runOnlyForDeploymentPostprocessing = 0;
		};
		047090671907265B00BE21DB /* Sources */ = {
			isa = PBXSourcesBuildPhase;
			buildActionMask = 2147483647;
			files = (
				047090771907265B00BE21DB /* libxpkg.m in Sources */,
			);
			runOnlyForDeploymentPostprocessing = 0;
		};
		047090781907265B00BE21DB /* Sources */ = {
			isa = PBXSourcesBuildPhase;
			buildActionMask = 2147483647;
			files = (
				0470908A1907265B00BE21DB /* libxpkgTests.m in Sources */,
			);
			runOnlyForDeploymentPostprocessing = 0;
		};
/* End PBXSourcesBuildPhase section */

/* Begin PBXTargetDependency section */
		047090811907265B00BE21DB /* PBXTargetDependency */ = {
			isa = PBXTargetDependency;
			target = 0470906A1907265B00BE21DB /* libxpkg */;
			targetProxy = 047090801907265B00BE21DB /* PBXContainerItemProxy */;
		};
/* End PBXTargetDependency section */

/* Begin PBXVariantGroup section */
		047090861907265B00BE21DB /* InfoPlist.strings */ = {
			isa = PBXVariantGroup;
			children = (
				047090871907265B00BE21DB /* en */,
			);
			name = InfoPlist.strings;
			sourceTree = "<group>";
		};
/* End PBXVariantGroup section */

/* Begin XCBuildConfiguration section */
		044631FC18F05DA5000B009E /* Debug */ = {
			isa = XCBuildConfiguration;
			buildSettings = {
				ALWAYS_SEARCH_USER_PATHS = NO;
				ARCHS = "$(ARCHS_STANDARD)";
				CLANG_CXX_LANGUAGE_STANDARD = "gnu++0x";
				CLANG_CXX_LIBRARY = "libc++";
				CLANG_ENABLE_MODULES = YES;
				CLANG_ENABLE_OBJC_ARC = YES;
				CLANG_WARN_BOOL_CONVERSION = YES;
				CLANG_WARN_CONSTANT_CONVERSION = YES;
				CLANG_WARN_DIRECT_OBJC_ISA_USAGE = YES_ERROR;
				CLANG_WARN_EMPTY_BODY = YES;
				CLANG_WARN_ENUM_CONVERSION = YES;
				CLANG_WARN_INT_CONVERSION = YES;
				CLANG_WARN_OBJC_ROOT_CLASS = YES_ERROR;
				CLANG_WARN__DUPLICATE_METHOD_MATCH = YES;
				COPY_PHASE_STRIP = NO;
				GCC_C_LANGUAGE_STANDARD = gnu99;
				GCC_DYNAMIC_NO_PIC = NO;
				GCC_ENABLE_OBJC_EXCEPTIONS = YES;
				GCC_OPTIMIZATION_LEVEL = 0;
				GCC_PREPROCESSOR_DEFINITIONS = (
					"DEBUG=1",
					"$(inherited)",
				);
				GCC_SYMBOLS_PRIVATE_EXTERN = NO;
				GCC_WARN_64_TO_32_BIT_CONVERSION = YES;
				GCC_WARN_ABOUT_RETURN_TYPE = YES_ERROR;
				GCC_WARN_UNDECLARED_SELECTOR = YES;
				GCC_WARN_UNINITIALIZED_AUTOS = YES_AGGRESSIVE;
				GCC_WARN_UNUSED_FUNCTION = YES;
				GCC_WARN_UNUSED_VARIABLE = YES;
				MACOSX_DEPLOYMENT_TARGET = 10.9;
				ONLY_ACTIVE_ARCH = YES;
				SDKROOT = macosx;
			};
			name = Debug;
		};
		044631FD18F05DA5000B009E /* Release */ = {
			isa = XCBuildConfiguration;
			buildSettings = {
				ALWAYS_SEARCH_USER_PATHS = NO;
				ARCHS = "$(ARCHS_STANDARD)";
				CLANG_CXX_LANGUAGE_STANDARD = "gnu++0x";
				CLANG_CXX_LIBRARY = "libc++";
				CLANG_ENABLE_MODULES = YES;
				CLANG_ENABLE_OBJC_ARC = YES;
				CLANG_WARN_BOOL_CONVERSION = YES;
				CLANG_WARN_CONSTANT_CONVERSION = YES;
				CLANG_WARN_DIRECT_OBJC_ISA_USAGE = YES_ERROR;
				CLANG_WARN_EMPTY_BODY = YES;
				CLANG_WARN_ENUM_CONVERSION = YES;
				CLANG_WARN_INT_CONVERSION = YES;
				CLANG_WARN_OBJC_ROOT_CLASS = YES_ERROR;
				CLANG_WARN__DUPLICATE_METHOD_MATCH = YES;
				COPY_PHASE_STRIP = YES;
				DEBUG_INFORMATION_FORMAT = "dwarf-with-dsym";
				ENABLE_NS_ASSERTIONS = NO;
				GCC_C_LANGUAGE_STANDARD = gnu99;
				GCC_ENABLE_OBJC_EXCEPTIONS = YES;
				GCC_OPTIMIZATION_LEVEL = s;
				GCC_WARN_64_TO_32_BIT_CONVERSION = YES;
				GCC_WARN_ABOUT_RETURN_TYPE = YES_ERROR;
				GCC_WARN_UNDECLARED_SELECTOR = YES;
				GCC_WARN_UNINITIALIZED_AUTOS = YES_AGGRESSIVE;
				GCC_WARN_UNUSED_FUNCTION = YES;
				GCC_WARN_UNUSED_VARIABLE = YES;
				MACOSX_DEPLOYMENT_TARGET = 10.9;
				ONLY_ACTIVE_ARCH = YES;
				SDKROOT = macosx;
			};
			name = Release;
		};
		044631FF18F05DA5000B009E /* Debug */ = {
			isa = XCBuildConfiguration;
			buildSettings = {
				ARCHS = "$(ARCHS_STANDARD)";
				CODE_SIGN_IDENTITY = "";
				GCC_PRECOMPILE_PREFIX_HEADER = YES;
				GCC_PREFIX_HEADER = "xpkg/xpkg-Prefix.pch";
				ONLY_ACTIVE_ARCH = YES;
				PRODUCT_NAME = "$(TARGET_NAME)";
				SYMROOT = build;
				VALIDATE_PRODUCT = YES;
				VERSIONING_SYSTEM = "";
			};
			name = Debug;
		};
		0446320018F05DA5000B009E /* Release */ = {
			isa = XCBuildConfiguration;
			buildSettings = {
				ARCHS = "$(ARCHS_STANDARD)";
				CODE_SIGN_IDENTITY = "";
				DEBUG_INFORMATION_FORMAT = dwarf;
				GCC_OPTIMIZATION_LEVEL = s;
				GCC_PRECOMPILE_PREFIX_HEADER = YES;
				GCC_PREFIX_HEADER = "xpkg/xpkg-Prefix.pch";
				ONLY_ACTIVE_ARCH = YES;
				PRODUCT_NAME = "$(TARGET_NAME)";
				SYMROOT = build;
				VALIDATE_PRODUCT = YES;
				VERSIONING_SYSTEM = "";
			};
			name = Release;
		};
		0470908C1907265B00BE21DB /* Debug */ = {
			isa = XCBuildConfiguration;
			buildSettings = {
				GCC_PRECOMPILE_PREFIX_HEADER = YES;
				GCC_PREFIX_HEADER = "libxpkg/libxpkg-Prefix.pch";
				GCC_PREPROCESSOR_DEFINITIONS = (
					"DEBUG=1",
					"$(inherited)",
				);
				PRODUCT_NAME = "$(TARGET_NAME)";
			};
			name = Debug;
		};
		0470908D1907265B00BE21DB /* Release */ = {
			isa = XCBuildConfiguration;
			buildSettings = {
				GCC_PRECOMPILE_PREFIX_HEADER = YES;
				GCC_PREFIX_HEADER = "libxpkg/libxpkg-Prefix.pch";
				PRODUCT_NAME = "$(TARGET_NAME)";
			};
			name = Release;
		};
		0470908F1907265B00BE21DB /* Debug */ = {
			isa = XCBuildConfiguration;
			buildSettings = {
				COMBINE_HIDPI_IMAGES = YES;
				FRAMEWORK_SEARCH_PATHS = (
					"$(DEVELOPER_FRAMEWORKS_DIR)",
					"$(inherited)",
				);
				GCC_PRECOMPILE_PREFIX_HEADER = YES;
				GCC_PREFIX_HEADER = "libxpkg/libxpkg-Prefix.pch";
				GCC_PREPROCESSOR_DEFINITIONS = (
					"DEBUG=1",
					"$(inherited)",
				);
				INFOPLIST_FILE = "libxpkgTests/libxpkgTests-Info.plist";
				PRODUCT_NAME = "$(TARGET_NAME)";
				WRAPPER_EXTENSION = xctest;
			};
			name = Debug;
		};
		047090901907265B00BE21DB /* Release */ = {
			isa = XCBuildConfiguration;
			buildSettings = {
				COMBINE_HIDPI_IMAGES = YES;
				FRAMEWORK_SEARCH_PATHS = (
					"$(DEVELOPER_FRAMEWORKS_DIR)",
					"$(inherited)",
				);
				GCC_PRECOMPILE_PREFIX_HEADER = YES;
				GCC_PREFIX_HEADER = "libxpkg/libxpkg-Prefix.pch";
				INFOPLIST_FILE = "libxpkgTests/libxpkgTests-Info.plist";
				PRODUCT_NAME = "$(TARGET_NAME)";
				WRAPPER_EXTENSION = xctest;
			};
			name = Release;
		};
/* End XCBuildConfiguration section */

/* Begin XCConfigurationList section */
		044631EB18F05DA4000B009E /* Build configuration list for PBXProject "xpkg" */ = {
			isa = XCConfigurationList;
			buildConfigurations = (
				044631FC18F05DA5000B009E /* Debug */,
				044631FD18F05DA5000B009E /* Release */,
			);
			defaultConfigurationIsVisible = 0;
			defaultConfigurationName = Release;
		};
		044631FE18F05DA5000B009E /* Build configuration list for PBXNativeTarget "xpkg" */ = {
			isa = XCConfigurationList;
			buildConfigurations = (
				044631FF18F05DA5000B009E /* Debug */,
				0446320018F05DA5000B009E /* Release */,
			);
			defaultConfigurationIsVisible = 0;
			defaultConfigurationName = Release;
		};
		0470908B1907265B00BE21DB /* Build configuration list for PBXNativeTarget "libxpkg" */ = {
			isa = XCConfigurationList;
			buildConfigurations = (
				0470908C1907265B00BE21DB /* Debug */,
				0470908D1907265B00BE21DB /* Release */,
			);
			defaultConfigurationIsVisible = 0;
		};
		0470908E1907265B00BE21DB /* Build configuration list for PBXNativeTarget "libxpkgTests" */ = {
			isa = XCConfigurationList;
			buildConfigurations = (
				0470908F1907265B00BE21DB /* Debug */,
				047090901907265B00BE21DB /* Release */,
			);
			defaultConfigurationIsVisible = 0;
		};
/* End XCConfigurationList section */
	};
	rootObject = 044631E818F05DA4000B009E /* Project object */;
}
