// !$*UTF8*$!
{
	archiveVersion = 1;
	classes = {
	};
	objectVersion = 46;
	objects = {

/* Begin PBXBuildFile section */
		047091041907286200BE21DB /* Cocoa.framework in Frameworks */ = {isa = PBXBuildFile; fileRef = 047091031907286200BE21DB /* Cocoa.framework */; };
		0470910E1907286200BE21DB /* xpkg.m in Sources */ = {isa = PBXBuildFile; fileRef = 0470910D1907286200BE21DB /* xpkg.m */; };
		047091151907286200BE21DB /* XCTest.framework in Frameworks */ = {isa = PBXBuildFile; fileRef = 047091141907286200BE21DB /* XCTest.framework */; };
		047091161907286200BE21DB /* Cocoa.framework in Frameworks */ = {isa = PBXBuildFile; fileRef = 047091031907286200BE21DB /* Cocoa.framework */; };
		047091191907286200BE21DB /* libxpkg.a in Frameworks */ = {isa = PBXBuildFile; fileRef = 047091001907286200BE21DB /* libxpkg.a */; };
		0470911F1907286200BE21DB /* InfoPlist.strings in Resources */ = {isa = PBXBuildFile; fileRef = 0470911D1907286200BE21DB /* InfoPlist.strings */; };
		047091211907286200BE21DB /* xpkgTests.m in Sources */ = {isa = PBXBuildFile; fileRef = 047091201907286200BE21DB /* xpkgTests.m */; };
		0470916A1907296600BE21DB /* XPManager.h in Headers */ = {isa = PBXBuildFile; fileRef = 047091621907296600BE21DB /* XPManager.h */; settings = {ATTRIBUTES = (Public, ); }; };
		0470916B1907296600BE21DB /* XPManager.m in Sources */ = {isa = PBXBuildFile; fileRef = 047091631907296600BE21DB /* XPManager.m */; };
		0470916C1907296600BE21DB /* XPPackage.h in Headers */ = {isa = PBXBuildFile; fileRef = 047091641907296600BE21DB /* XPPackage.h */; settings = {ATTRIBUTES = (Public, ); }; };
		0470916D1907296600BE21DB /* XPPackage.m in Sources */ = {isa = PBXBuildFile; fileRef = 047091651907296600BE21DB /* XPPackage.m */; };
		047091701907296600BE21DB /* XPRepository.h in Headers */ = {isa = PBXBuildFile; fileRef = 047091681907296600BE21DB /* XPRepository.h */; settings = {ATTRIBUTES = (Public, ); }; };
		047091711907296600BE21DB /* XPRepository.m in Sources */ = {isa = PBXBuildFile; fileRef = 047091691907296600BE21DB /* XPRepository.m */; };
		047091951907487800BE21DB /* xpkg.h in Headers */ = {isa = PBXBuildFile; fileRef = 0470910C1907286200BE21DB /* xpkg.h */; settings = {ATTRIBUTES = (Public, ); }; };
/* End PBXBuildFile section */

/* Begin PBXContainerItemProxy section */
		047091171907286200BE21DB /* PBXContainerItemProxy */ = {
			isa = PBXContainerItemProxy;
			containerPortal = 047090F81907286200BE21DB /* Project object */;
			proxyType = 1;
			remoteGlobalIDString = 047090FF1907286200BE21DB;
			remoteInfo = xpkg;
		};
/* End PBXContainerItemProxy section */

/* Begin PBXFileReference section */
		047091001907286200BE21DB /* libxpkg.a */ = {isa = PBXFileReference; explicitFileType = archive.ar; includeInIndex = 0; path = libxpkg.a; sourceTree = BUILT_PRODUCTS_DIR; };
		047091031907286200BE21DB /* Cocoa.framework */ = {isa = PBXFileReference; lastKnownFileType = wrapper.framework; name = Cocoa.framework; path = System/Library/Frameworks/Cocoa.framework; sourceTree = SDKROOT; };
		047091061907286200BE21DB /* Foundation.framework */ = {isa = PBXFileReference; lastKnownFileType = wrapper.framework; name = Foundation.framework; path = System/Library/Frameworks/Foundation.framework; sourceTree = SDKROOT; };
		047091071907286200BE21DB /* CoreData.framework */ = {isa = PBXFileReference; lastKnownFileType = wrapper.framework; name = CoreData.framework; path = System/Library/Frameworks/CoreData.framework; sourceTree = SDKROOT; };
		047091081907286200BE21DB /* AppKit.framework */ = {isa = PBXFileReference; lastKnownFileType = wrapper.framework; name = AppKit.framework; path = System/Library/Frameworks/AppKit.framework; sourceTree = SDKROOT; };
		0470910B1907286200BE21DB /* xpkg-Prefix.pch */ = {isa = PBXFileReference; lastKnownFileType = sourcecode.c.h; path = "xpkg-Prefix.pch"; sourceTree = "<group>"; };
		0470910C1907286200BE21DB /* xpkg.h */ = {isa = PBXFileReference; lastKnownFileType = sourcecode.c.h; path = xpkg.h; sourceTree = "<group>"; };
		0470910D1907286200BE21DB /* xpkg.m */ = {isa = PBXFileReference; lastKnownFileType = sourcecode.c.objc; path = xpkg.m; sourceTree = "<group>"; };
		047091131907286200BE21DB /* xpkgTests.xctest */ = {isa = PBXFileReference; explicitFileType = wrapper.cfbundle; includeInIndex = 0; path = xpkgTests.xctest; sourceTree = BUILT_PRODUCTS_DIR; };
		047091141907286200BE21DB /* XCTest.framework */ = {isa = PBXFileReference; lastKnownFileType = wrapper.framework; name = XCTest.framework; path = Library/Frameworks/XCTest.framework; sourceTree = DEVELOPER_DIR; };
		0470911C1907286200BE21DB /* xpkgTests-Info.plist */ = {isa = PBXFileReference; lastKnownFileType = text.plist.xml; path = "xpkgTests-Info.plist"; sourceTree = "<group>"; };
		0470911E1907286200BE21DB /* en */ = {isa = PBXFileReference; lastKnownFileType = text.plist.strings; name = en; path = en.lproj/InfoPlist.strings; sourceTree = "<group>"; };
		047091201907286200BE21DB /* xpkgTests.m */ = {isa = PBXFileReference; lastKnownFileType = sourcecode.c.objc; path = xpkgTests.m; sourceTree = "<group>"; };
		047091621907296600BE21DB /* XPManager.h */ = {isa = PBXFileReference; fileEncoding = 4; lastKnownFileType = sourcecode.c.h; path = XPManager.h; sourceTree = "<group>"; };
		047091631907296600BE21DB /* XPManager.m */ = {isa = PBXFileReference; fileEncoding = 4; lastKnownFileType = sourcecode.c.objc; path = XPManager.m; sourceTree = "<group>"; };
		047091641907296600BE21DB /* XPPackage.h */ = {isa = PBXFileReference; fileEncoding = 4; lastKnownFileType = sourcecode.c.h; path = XPPackage.h; sourceTree = "<group>"; };
		047091651907296600BE21DB /* XPPackage.m */ = {isa = PBXFileReference; fileEncoding = 4; lastKnownFileType = sourcecode.c.objc; path = XPPackage.m; sourceTree = "<group>"; };
		047091681907296600BE21DB /* XPRepository.h */ = {isa = PBXFileReference; fileEncoding = 4; lastKnownFileType = sourcecode.c.h; path = XPRepository.h; sourceTree = "<group>"; };
		047091691907296600BE21DB /* XPRepository.m */ = {isa = PBXFileReference; fileEncoding = 4; lastKnownFileType = sourcecode.c.objc; path = XPRepository.m; sourceTree = "<group>"; };
/* End PBXFileReference section */

/* Begin PBXFrameworksBuildPhase section */
		047090FD1907286200BE21DB /* Frameworks */ = {
			isa = PBXFrameworksBuildPhase;
			buildActionMask = 2147483647;
			files = (
				047091041907286200BE21DB /* Cocoa.framework in Frameworks */,
			);
			runOnlyForDeploymentPostprocessing = 0;
		};
		047091101907286200BE21DB /* Frameworks */ = {
			isa = PBXFrameworksBuildPhase;
			buildActionMask = 2147483647;
			files = (
				047091161907286200BE21DB /* Cocoa.framework in Frameworks */,
				047091151907286200BE21DB /* XCTest.framework in Frameworks */,
				047091191907286200BE21DB /* libxpkg.a in Frameworks */,
			);
			runOnlyForDeploymentPostprocessing = 0;
		};
/* End PBXFrameworksBuildPhase section */

/* Begin PBXGroup section */
		047090F71907286200BE21DB = {
			isa = PBXGroup;
			children = (
				047091091907286200BE21DB /* xpkg */,
				0470911A1907286200BE21DB /* xpkgTests */,
				047091021907286200BE21DB /* Frameworks */,
				047091011907286200BE21DB /* Products */,
			);
			sourceTree = "<group>";
		};
		047091011907286200BE21DB /* Products */ = {
			isa = PBXGroup;
			children = (
				047091001907286200BE21DB /* libxpkg.a */,
				047091131907286200BE21DB /* xpkgTests.xctest */,
			);
			name = Products;
			sourceTree = "<group>";
		};
		047091021907286200BE21DB /* Frameworks */ = {
			isa = PBXGroup;
			children = (
				047091031907286200BE21DB /* Cocoa.framework */,
				047091141907286200BE21DB /* XCTest.framework */,
				047091051907286200BE21DB /* Other Frameworks */,
			);
			name = Frameworks;
			sourceTree = "<group>";
		};
		047091051907286200BE21DB /* Other Frameworks */ = {
			isa = PBXGroup;
			children = (
				047091061907286200BE21DB /* Foundation.framework */,
				047091071907286200BE21DB /* CoreData.framework */,
				047091081907286200BE21DB /* AppKit.framework */,
			);
			name = "Other Frameworks";
			sourceTree = "<group>";
		};
		047091091907286200BE21DB /* xpkg */ = {
			isa = PBXGroup;
			children = (
				047091621907296600BE21DB /* XPManager.h */,
				047091631907296600BE21DB /* XPManager.m */,
				047091641907296600BE21DB /* XPPackage.h */,
				047091651907296600BE21DB /* XPPackage.m */,
				047091681907296600BE21DB /* XPRepository.h */,
				047091691907296600BE21DB /* XPRepository.m */,
				0470910C1907286200BE21DB /* xpkg.h */,
				0470910D1907286200BE21DB /* xpkg.m */,
				0470910A1907286200BE21DB /* Supporting Files */,
			);
			path = xpkg;
			sourceTree = "<group>";
		};
		0470910A1907286200BE21DB /* Supporting Files */ = {
			isa = PBXGroup;
			children = (
				0470910B1907286200BE21DB /* xpkg-Prefix.pch */,
			);
			name = "Supporting Files";
			sourceTree = "<group>";
		};
		0470911A1907286200BE21DB /* xpkgTests */ = {
			isa = PBXGroup;
			children = (
				047091201907286200BE21DB /* xpkgTests.m */,
				0470911B1907286200BE21DB /* Supporting Files */,
			);
			path = xpkgTests;
			sourceTree = "<group>";
		};
		0470911B1907286200BE21DB /* Supporting Files */ = {
			isa = PBXGroup;
			children = (
				0470911C1907286200BE21DB /* xpkgTests-Info.plist */,
				0470911D1907286200BE21DB /* InfoPlist.strings */,
			);
			name = "Supporting Files";
			sourceTree = "<group>";
		};
/* End PBXGroup section */

/* Begin PBXHeadersBuildPhase section */
		047090FE1907286200BE21DB /* Headers */ = {
			isa = PBXHeadersBuildPhase;
			buildActionMask = 2147483647;
			files = (
				047091701907296600BE21DB /* XPRepository.h in Headers */,
				0470916A1907296600BE21DB /* XPManager.h in Headers */,
				047091951907487800BE21DB /* xpkg.h in Headers */,
				0470916C1907296600BE21DB /* XPPackage.h in Headers */,
			);
			runOnlyForDeploymentPostprocessing = 0;
		};
/* End PBXHeadersBuildPhase section */

/* Begin PBXNativeTarget section */
		047090FF1907286200BE21DB /* xpkg */ = {
			isa = PBXNativeTarget;
			buildConfigurationList = 047091241907286200BE21DB /* Build configuration list for PBXNativeTarget "xpkg" */;
			buildPhases = (
				047090FC1907286200BE21DB /* Sources */,
				047090FD1907286200BE21DB /* Frameworks */,
				047090FE1907286200BE21DB /* Headers */,
			);
			buildRules = (
			);
			dependencies = (
			);
			name = xpkg;
			productName = xpkg;
			productReference = 047091001907286200BE21DB /* libxpkg.a */;
			productType = "com.apple.product-type.library.static";
		};
		047091121907286200BE21DB /* xpkgTests */ = {
			isa = PBXNativeTarget;
			buildConfigurationList = 047091271907286200BE21DB /* Build configuration list for PBXNativeTarget "xpkgTests" */;
			buildPhases = (
				0470910F1907286200BE21DB /* Sources */,
				047091101907286200BE21DB /* Frameworks */,
				047091111907286200BE21DB /* Resources */,
			);
			buildRules = (
			);
			dependencies = (
				047091181907286200BE21DB /* PBXTargetDependency */,
			);
			name = xpkgTests;
			productName = xpkgTests;
			productReference = 047091131907286200BE21DB /* xpkgTests.xctest */;
			productType = "com.apple.product-type.bundle.unit-test";
		};
/* End PBXNativeTarget section */

/* Begin PBXProject section */
		047090F81907286200BE21DB /* Project object */ = {
			isa = PBXProject;
			attributes = {
				LastUpgradeCheck = 0510;
				ORGANIZATIONNAME = "Jack Maloney";
			};
			buildConfigurationList = 047090FB1907286200BE21DB /* Build configuration list for PBXProject "xpkg" */;
			compatibilityVersion = "Xcode 3.2";
			developmentRegion = English;
			hasScannedForEncodings = 0;
			knownRegions = (
				en,
			);
			mainGroup = 047090F71907286200BE21DB;
			productRefGroup = 047091011907286200BE21DB /* Products */;
			projectDirPath = "";
			projectRoot = "";
			targets = (
				047090FF1907286200BE21DB /* xpkg */,
				047091121907286200BE21DB /* xpkgTests */,
			);
		};
/* End PBXProject section */

/* Begin PBXResourcesBuildPhase section */
		047091111907286200BE21DB /* Resources */ = {
			isa = PBXResourcesBuildPhase;
			buildActionMask = 2147483647;
			files = (
				0470911F1907286200BE21DB /* InfoPlist.strings in Resources */,
			);
			runOnlyForDeploymentPostprocessing = 0;
		};
/* End PBXResourcesBuildPhase section */

/* Begin PBXSourcesBuildPhase section */
		047090FC1907286200BE21DB /* Sources */ = {
			isa = PBXSourcesBuildPhase;
			buildActionMask = 2147483647;
			files = (
				047091711907296600BE21DB /* XPRepository.m in Sources */,
				0470910E1907286200BE21DB /* xpkg.m in Sources */,
				0470916B1907296600BE21DB /* XPManager.m in Sources */,
				0470916D1907296600BE21DB /* XPPackage.m in Sources */,
			);
			runOnlyForDeploymentPostprocessing = 0;
		};
		0470910F1907286200BE21DB /* Sources */ = {
			isa = PBXSourcesBuildPhase;
			buildActionMask = 2147483647;
			files = (
				047091211907286200BE21DB /* xpkgTests.m in Sources */,
			);
			runOnlyForDeploymentPostprocessing = 0;
		};
/* End PBXSourcesBuildPhase section */

/* Begin PBXTargetDependency section */
		047091181907286200BE21DB /* PBXTargetDependency */ = {
			isa = PBXTargetDependency;
			target = 047090FF1907286200BE21DB /* xpkg */;
			targetProxy = 047091171907286200BE21DB /* PBXContainerItemProxy */;
		};
/* End PBXTargetDependency section */

/* Begin PBXVariantGroup section */
		0470911D1907286200BE21DB /* InfoPlist.strings */ = {
			isa = PBXVariantGroup;
			children = (
				0470911E1907286200BE21DB /* en */,
			);
			name = InfoPlist.strings;
			sourceTree = "<group>";
		};
/* End PBXVariantGroup section */

/* Begin XCBuildConfiguration section */
		047091221907286200BE21DB /* Debug */ = {
			isa = XCBuildConfiguration;
			buildSettings = {
				ALWAYS_SEARCH_USER_PATHS = NO;
				CLANG_CXX_LANGUAGE_STANDARD = "gnu++0x";
				CLANG_CXX_LIBRARY = "libc++";
				CLANG_ENABLE_MODULES = YES;
				CLANG_ENABLE_OBJC_ARC = YES;
				CLANG_WARN_BOOL_CONVERSION = YES;
				CLANG_WARN_CONSTANT_CONVERSION = YES;
				CLANG_WARN_DIRECT_OBJC_ISA_USAGE = YES_ERROR;
				CLANG_WARN_EMPTY_BODY = YES;
				CLANG_WARN_ENUM_CONVERSION = YES;
				CLANG_WARN_INT_CONVERSION = YES;
				CLANG_WARN_OBJC_ROOT_CLASS = YES_ERROR;
				CLANG_WARN__DUPLICATE_METHOD_MATCH = YES;
				COPY_PHASE_STRIP = NO;
				GCC_C_LANGUAGE_STANDARD = gnu99;
				GCC_DYNAMIC_NO_PIC = NO;
				GCC_ENABLE_OBJC_EXCEPTIONS = YES;
				GCC_OPTIMIZATION_LEVEL = 0;
				GCC_PREPROCESSOR_DEFINITIONS = (
					"DEBUG=1",
					"$(inherited)",
				);
				GCC_SYMBOLS_PRIVATE_EXTERN = NO;
				GCC_WARN_64_TO_32_BIT_CONVERSION = YES;
				GCC_WARN_ABOUT_RETURN_TYPE = YES_ERROR;
				GCC_WARN_UNDECLARED_SELECTOR = YES;
				GCC_WARN_UNINITIALIZED_AUTOS = YES_AGGRESSIVE;
				GCC_WARN_UNUSED_FUNCTION = YES;
				GCC_WARN_UNUSED_VARIABLE = YES;
				MACOSX_DEPLOYMENT_TARGET = 10.9;
				ONLY_ACTIVE_ARCH = YES;
				SDKROOT = macosx;
			};
			name = Debug;
		};
		047091231907286200BE21DB /* Release */ = {
			isa = XCBuildConfiguration;
			buildSettings = {
				ALWAYS_SEARCH_USER_PATHS = NO;
				CLANG_CXX_LANGUAGE_STANDARD = "gnu++0x";
				CLANG_CXX_LIBRARY = "libc++";
				CLANG_ENABLE_MODULES = YES;
				CLANG_ENABLE_OBJC_ARC = YES;
				CLANG_WARN_BOOL_CONVERSION = YES;
				CLANG_WARN_CONSTANT_CONVERSION = YES;
				CLANG_WARN_DIRECT_OBJC_ISA_USAGE = YES_ERROR;
				CLANG_WARN_EMPTY_BODY = YES;
				CLANG_WARN_ENUM_CONVERSION = YES;
				CLANG_WARN_INT_CONVERSION = YES;
				CLANG_WARN_OBJC_ROOT_CLASS = YES_ERROR;
				CLANG_WARN__DUPLICATE_METHOD_MATCH = YES;
				COPY_PHASE_STRIP = YES;
				DEBUG_INFORMATION_FORMAT = "dwarf-with-dsym";
				ENABLE_NS_ASSERTIONS = NO;
				GCC_C_LANGUAGE_STANDARD = gnu99;
				GCC_ENABLE_OBJC_EXCEPTIONS = YES;
				GCC_WARN_64_TO_32_BIT_CONVERSION = YES;
				GCC_WARN_ABOUT_RETURN_TYPE = YES_ERROR;
				GCC_WARN_UNDECLARED_SELECTOR = YES;
				GCC_WARN_UNINITIALIZED_AUTOS = YES_AGGRESSIVE;
				GCC_WARN_UNUSED_FUNCTION = YES;
				GCC_WARN_UNUSED_VARIABLE = YES;
				MACOSX_DEPLOYMENT_TARGET = 10.9;
				SDKROOT = macosx;
			};
			name = Release;
		};
		047091251907286200BE21DB /* Debug */ = {
			isa = XCBuildConfiguration;
			buildSettings = {
				GCC_PRECOMPILE_PREFIX_HEADER = YES;
				GCC_PREFIX_HEADER = "xpkg/xpkg-Prefix.pch";
				OTHER_LDFLAGS = "-ObjC";
				PRODUCT_NAME = "$(TARGET_NAME)";
				PUBLIC_HEADERS_FOLDER_PATH = "include/$(TARGET_NAME)";
			};
			name = Debug;
		};
		047091261907286200BE21DB /* Release */ = {
			isa = XCBuildConfiguration;
			buildSettings = {
				GCC_PRECOMPILE_PREFIX_HEADER = YES;
				GCC_PREFIX_HEADER = "xpkg/xpkg-Prefix.pch";
				OTHER_LDFLAGS = "-ObjC";
				PRODUCT_NAME = "$(TARGET_NAME)";
				PUBLIC_HEADERS_FOLDER_PATH = "include/$(TARGET_NAME)";
			};
			name = Release;
		};
		047091281907286200BE21DB /* Debug */ = {
			isa = XCBuildConfiguration;
			buildSettings = {
				COMBINE_HIDPI_IMAGES = YES;
				FRAMEWORK_SEARCH_PATHS = (
					"$(DEVELOPER_FRAMEWORKS_DIR)",
					"$(inherited)",
				);
				GCC_PRECOMPILE_PREFIX_HEADER = YES;
				GCC_PREFIX_HEADER = "xpkg/xpkg-Prefix.pch";
				GCC_PREPROCESSOR_DEFINITIONS = (
					"DEBUG=1",
					"$(inherited)",
				);
				INFOPLIST_FILE = "xpkgTests/xpkgTests-Info.plist";
				PRODUCT_NAME = "$(TARGET_NAME)";
				WRAPPER_EXTENSION = xctest;
			};
			name = Debug;
		};
		047091291907286200BE21DB /* Release */ = {
			isa = XCBuildConfiguration;
			buildSettings = {
				COMBINE_HIDPI_IMAGES = YES;
				FRAMEWORK_SEARCH_PATHS = (
					"$(DEVELOPER_FRAMEWORKS_DIR)",
					"$(inherited)",
				);
				GCC_PRECOMPILE_PREFIX_HEADER = YES;
				GCC_PREFIX_HEADER = "xpkg/xpkg-Prefix.pch";
				INFOPLIST_FILE = "xpkgTests/xpkgTests-Info.plist";
				PRODUCT_NAME = "$(TARGET_NAME)";
				WRAPPER_EXTENSION = xctest;
			};
			name = Release;
		};
/* End XCBuildConfiguration section */

/* Begin XCConfigurationList section */
		047090FB1907286200BE21DB /* Build configuration list for PBXProject "xpkg" */ = {
			isa = XCConfigurationList;
			buildConfigurations = (
				047091221907286200BE21DB /* Debug */,
				047091231907286200BE21DB /* Release */,
			);
			defaultConfigurationIsVisible = 0;
			defaultConfigurationName = Release;
		};
		047091241907286200BE21DB /* Build configuration list for PBXNativeTarget "xpkg" */ = {
			isa = XCConfigurationList;
			buildConfigurations = (
				047091251907286200BE21DB /* Debug */,
				047091261907286200BE21DB /* Release */,
			);
			defaultConfigurationIsVisible = 0;
			defaultConfigurationName = Release;
		};
		047091271907286200BE21DB /* Build configuration list for PBXNativeTarget "xpkgTests" */ = {
			isa = XCConfigurationList;
			buildConfigurations = (
				047091281907286200BE21DB /* Debug */,
				047091291907286200BE21DB /* Release */,
			);
			defaultConfigurationIsVisible = 0;
			defaultConfigurationName = Release;
		};
/* End XCConfigurationList section */
	};
	rootObject = 047090F81907286200BE21DB /* Project object */;
}
